
Microsoft Visual Studio Solution File, Format Version 12.00
# Visual Studio Version 16
VisualStudioVersion = 16.0.31729.503
MinimumVisualStudioVersion = 10.0.40219.1
Project("{FAE04EC0-301F-11D3-BF4B-00C04F79EFBC}") = "Object Oriented Programming", "Object Oriented Programming.csproj", "{D9BF4E75-18E0-48CA-AB11-D0A9EAB0D73E}"
EndProject
Global
	GlobalSection(SolutionConfigurationPlatforms) = preSolution
		Debug|Any CPU = Debug|Any CPU
		Release|Any CPU = Release|Any CPU
	EndGlobalSection
	GlobalSection(ProjectConfigurationPlatforms) = postSolution
		{D9BF4E75-18E0-48CA-AB11-D0A9EAB0D73E}.Debug|Any CPU.ActiveCfg = Debug|Any CPU
		{D9BF4E75-18E0-48CA-AB11-D0A9EAB0D73E}.Debug|Any CPU.Build.0 = Debug|Any CPU
		{D9BF4E75-18E0-48CA-AB11-D0A9EAB0D73E}.Release|Any CPU.ActiveCfg = Release|Any CPU
		{D9BF4E75-18E0-48CA-AB11-D0A9EAB0D73E}.Release|Any CPU.Build.0 = Release|Any CPU
	EndGlobalSection
	GlobalSection(SolutionProperties) = preSolution
		HideSolutionNode = FALSE
	EndGlobalSection
	GlobalSection(ExtensibilityGlobals) = postSolution
		SolutionGuid = {B20B8307-C4F4-4E33-B026-5C829FE6FC5D}
	EndGlobalSection
EndGlobal
